// !$*UTF8*$!
{
	archiveVersion = 1;
	classes = {
	};
	objectVersion = 56;
	objects = {

/* Begin PBXBuildFile section */
		FF4FB49829D75CAE00B5CA30 /* MainViewController.swift in Sources */ = {isa = PBXBuildFile; fileRef = FF4FB49629D75CAE00B5CA30 /* MainViewController.swift */; };
		FF4FB49929D75CAE00B5CA30 /* MainViewController.xib in Resources */ = {isa = PBXBuildFile; fileRef = FF4FB49729D75CAE00B5CA30 /* MainViewController.xib */; };
		FF4FB49C29D75CC900B5CA30 /* MainViewModel.swift in Sources */ = {isa = PBXBuildFile; fileRef = FF4FB49B29D75CC900B5CA30 /* MainViewModel.swift */; };
		FF4FB4A429D761C700B5CA30 /* Localizable.strings in Resources */ = {isa = PBXBuildFile; fileRef = FF4FB4A629D761C700B5CA30 /* Localizable.strings */; };
		FF4FB4AB29D763FA00B5CA30 /* CleanerViewController.swift in Sources */ = {isa = PBXBuildFile; fileRef = FF4FB4A929D763FA00B5CA30 /* CleanerViewController.swift */; };
		FF4FB4AC29D763FA00B5CA30 /* CleanerViewController.xib in Resources */ = {isa = PBXBuildFile; fileRef = FF4FB4AA29D763FA00B5CA30 /* CleanerViewController.xib */; };
		FF4FB4AF29D7641C00B5CA30 /* CleanerViewModel.swift in Sources */ = {isa = PBXBuildFile; fileRef = FF4FB4AE29D7641C00B5CA30 /* CleanerViewModel.swift */; };
		FF4FB4B229D7685D00B5CA30 /* GradientView.swift in Sources */ = {isa = PBXBuildFile; fileRef = FF4FB4B129D7685D00B5CA30 /* GradientView.swift */; };
		FF4FB4B629D7707100B5CA30 /* Fonts.generated.swift in Sources */ = {isa = PBXBuildFile; fileRef = FF4FB4B329D7707100B5CA30 /* Fonts.generated.swift */; };
		FF4FB4B729D7707200B5CA30 /* Assets.generated.swift in Sources */ = {isa = PBXBuildFile; fileRef = FF4FB4B429D7707100B5CA30 /* Assets.generated.swift */; };
		FF4FB4B829D7707200B5CA30 /* Strings.generated.swift in Sources */ = {isa = PBXBuildFile; fileRef = FF4FB4B529D7707100B5CA30 /* Strings.generated.swift */; };
		FF4FB4BB29D7768500B5CA30 /* YourStorageInfoView.swift in Sources */ = {isa = PBXBuildFile; fileRef = FF4FB4BA29D7768400B5CA30 /* YourStorageInfoView.swift */; };
		FF4FB4BD29D7772500B5CA30 /* YourStorageInfoView.xib in Resources */ = {isa = PBXBuildFile; fileRef = FF4FB4BC29D7772500B5CA30 /* YourStorageInfoView.xib */; };
		FF4FB4CA29D77BBE00B5CA30 /* Roboto-Italic.ttf in Resources */ = {isa = PBXBuildFile; fileRef = FF4FB4BE29D77BBD00B5CA30 /* Roboto-Italic.ttf */; };
		FF4FB4CB29D77BBE00B5CA30 /* Roboto-BlackItalic.ttf in Resources */ = {isa = PBXBuildFile; fileRef = FF4FB4BF29D77BBD00B5CA30 /* Roboto-BlackItalic.ttf */; };
		FF4FB4CC29D77BBE00B5CA30 /* Roboto-BoldItalic.ttf in Resources */ = {isa = PBXBuildFile; fileRef = FF4FB4C029D77BBD00B5CA30 /* Roboto-BoldItalic.ttf */; };
		FF4FB4CD29D77BBE00B5CA30 /* Roboto-MediumItalic.ttf in Resources */ = {isa = PBXBuildFile; fileRef = FF4FB4C129D77BBD00B5CA30 /* Roboto-MediumItalic.ttf */; };
		FF4FB4CE29D77BBE00B5CA30 /* Roboto-Thin.ttf in Resources */ = {isa = PBXBuildFile; fileRef = FF4FB4C229D77BBD00B5CA30 /* Roboto-Thin.ttf */; };
		FF4FB4CF29D77BBE00B5CA30 /* Roboto-Black.ttf in Resources */ = {isa = PBXBuildFile; fileRef = FF4FB4C329D77BBE00B5CA30 /* Roboto-Black.ttf */; };
		FF4FB4D029D77BBE00B5CA30 /* Roboto-LightItalic.ttf in Resources */ = {isa = PBXBuildFile; fileRef = FF4FB4C429D77BBE00B5CA30 /* Roboto-LightItalic.ttf */; };
		FF4FB4D129D77BBE00B5CA30 /* Roboto-ThinItalic.ttf in Resources */ = {isa = PBXBuildFile; fileRef = FF4FB4C529D77BBE00B5CA30 /* Roboto-ThinItalic.ttf */; };
		FF4FB4D229D77BBE00B5CA30 /* Roboto-Light.ttf in Resources */ = {isa = PBXBuildFile; fileRef = FF4FB4C629D77BBE00B5CA30 /* Roboto-Light.ttf */; };
		FF4FB4D329D77BBE00B5CA30 /* Roboto-Bold.ttf in Resources */ = {isa = PBXBuildFile; fileRef = FF4FB4C729D77BBE00B5CA30 /* Roboto-Bold.ttf */; };
		FF4FB4D429D77BBE00B5CA30 /* Roboto-Medium.ttf in Resources */ = {isa = PBXBuildFile; fileRef = FF4FB4C829D77BBE00B5CA30 /* Roboto-Medium.ttf */; };
		FF4FB4D529D77BBE00B5CA30 /* Roboto-Regular.ttf in Resources */ = {isa = PBXBuildFile; fileRef = FF4FB4C929D77BBE00B5CA30 /* Roboto-Regular.ttf */; };
		FF7F873D29D7912B00B0BD6B /* UIView+FixInView.swift in Sources */ = {isa = PBXBuildFile; fileRef = FF7F873C29D7912B00B0BD6B /* UIView+FixInView.swift */; };
		FF7F874029D79B0300B0BD6B /* StorageInfo.swift in Sources */ = {isa = PBXBuildFile; fileRef = FF7F873F29D79B0300B0BD6B /* StorageInfo.swift */; };
		FF7F874229D79BB200B0BD6B /* MemorySize.swift in Sources */ = {isa = PBXBuildFile; fileRef = FF7F874129D79BB200B0BD6B /* MemorySize.swift */; };
		FF7F874429D79D5400B0BD6B /* Double+Description.swift in Sources */ = {isa = PBXBuildFile; fileRef = FF7F874329D79D5400B0BD6B /* Double+Description.swift */; };
		FFDFEDAC29D616FC002354C4 /* AppDelegate.swift in Sources */ = {isa = PBXBuildFile; fileRef = FFDFEDAB29D616FC002354C4 /* AppDelegate.swift */; };
		FFDFEDAE29D616FC002354C4 /* SceneDelegate.swift in Sources */ = {isa = PBXBuildFile; fileRef = FFDFEDAD29D616FC002354C4 /* SceneDelegate.swift */; };
		FFDFEDB529D616FF002354C4 /* Assets.xcassets in Resources */ = {isa = PBXBuildFile; fileRef = FFDFEDB429D616FF002354C4 /* Assets.xcassets */; };
/* End PBXBuildFile section */

/* Begin PBXFileReference section */
		FF4FB49629D75CAE00B5CA30 /* MainViewController.swift */ = {isa = PBXFileReference; lastKnownFileType = sourcecode.swift; path = MainViewController.swift; sourceTree = "<group>"; };
		FF4FB49729D75CAE00B5CA30 /* MainViewController.xib */ = {isa = PBXFileReference; lastKnownFileType = file.xib; path = MainViewController.xib; sourceTree = "<group>"; };
		FF4FB49B29D75CC900B5CA30 /* MainViewModel.swift */ = {isa = PBXFileReference; lastKnownFileType = sourcecode.swift; path = MainViewModel.swift; sourceTree = "<group>"; };
		FF4FB4A529D761C700B5CA30 /* en */ = {isa = PBXFileReference; lastKnownFileType = text.plist.strings; name = en; path = en.lproj/Localizable.strings; sourceTree = "<group>"; };
		FF4FB4A929D763FA00B5CA30 /* CleanerViewController.swift */ = {isa = PBXFileReference; lastKnownFileType = sourcecode.swift; path = CleanerViewController.swift; sourceTree = "<group>"; };
		FF4FB4AA29D763FA00B5CA30 /* CleanerViewController.xib */ = {isa = PBXFileReference; lastKnownFileType = file.xib; path = CleanerViewController.xib; sourceTree = "<group>"; };
		FF4FB4AE29D7641C00B5CA30 /* CleanerViewModel.swift */ = {isa = PBXFileReference; lastKnownFileType = sourcecode.swift; path = CleanerViewModel.swift; sourceTree = "<group>"; };
		FF4FB4B129D7685D00B5CA30 /* GradientView.swift */ = {isa = PBXFileReference; lastKnownFileType = sourcecode.swift; path = GradientView.swift; sourceTree = "<group>"; };
		FF4FB4B329D7707100B5CA30 /* Fonts.generated.swift */ = {isa = PBXFileReference; fileEncoding = 4; lastKnownFileType = sourcecode.swift; path = Fonts.generated.swift; sourceTree = "<group>"; };
		FF4FB4B429D7707100B5CA30 /* Assets.generated.swift */ = {isa = PBXFileReference; fileEncoding = 4; lastKnownFileType = sourcecode.swift; path = Assets.generated.swift; sourceTree = "<group>"; };
		FF4FB4B529D7707100B5CA30 /* Strings.generated.swift */ = {isa = PBXFileReference; fileEncoding = 4; lastKnownFileType = sourcecode.swift; path = Strings.generated.swift; sourceTree = "<group>"; };
		FF4FB4BA29D7768400B5CA30 /* YourStorageInfoView.swift */ = {isa = PBXFileReference; lastKnownFileType = sourcecode.swift; path = YourStorageInfoView.swift; sourceTree = "<group>"; };
		FF4FB4BC29D7772500B5CA30 /* YourStorageInfoView.xib */ = {isa = PBXFileReference; lastKnownFileType = file.xib; path = YourStorageInfoView.xib; sourceTree = "<group>"; };
		FF4FB4BE29D77BBD00B5CA30 /* Roboto-Italic.ttf */ = {isa = PBXFileReference; lastKnownFileType = file; path = "Roboto-Italic.ttf"; sourceTree = "<group>"; };
		FF4FB4BF29D77BBD00B5CA30 /* Roboto-BlackItalic.ttf */ = {isa = PBXFileReference; lastKnownFileType = file; path = "Roboto-BlackItalic.ttf"; sourceTree = "<group>"; };
		FF4FB4C029D77BBD00B5CA30 /* Roboto-BoldItalic.ttf */ = {isa = PBXFileReference; lastKnownFileType = file; path = "Roboto-BoldItalic.ttf"; sourceTree = "<group>"; };
		FF4FB4C129D77BBD00B5CA30 /* Roboto-MediumItalic.ttf */ = {isa = PBXFileReference; lastKnownFileType = file; path = "Roboto-MediumItalic.ttf"; sourceTree = "<group>"; };
		FF4FB4C229D77BBD00B5CA30 /* Roboto-Thin.ttf */ = {isa = PBXFileReference; lastKnownFileType = file; path = "Roboto-Thin.ttf"; sourceTree = "<group>"; };
		FF4FB4C329D77BBE00B5CA30 /* Roboto-Black.ttf */ = {isa = PBXFileReference; lastKnownFileType = file; path = "Roboto-Black.ttf"; sourceTree = "<group>"; };
		FF4FB4C429D77BBE00B5CA30 /* Roboto-LightItalic.ttf */ = {isa = PBXFileReference; lastKnownFileType = file; path = "Roboto-LightItalic.ttf"; sourceTree = "<group>"; };
		FF4FB4C529D77BBE00B5CA30 /* Roboto-ThinItalic.ttf */ = {isa = PBXFileReference; lastKnownFileType = file; path = "Roboto-ThinItalic.ttf"; sourceTree = "<group>"; };
		FF4FB4C629D77BBE00B5CA30 /* Roboto-Light.ttf */ = {isa = PBXFileReference; lastKnownFileType = file; path = "Roboto-Light.ttf"; sourceTree = "<group>"; };
		FF4FB4C729D77BBE00B5CA30 /* Roboto-Bold.ttf */ = {isa = PBXFileReference; lastKnownFileType = file; path = "Roboto-Bold.ttf"; sourceTree = "<group>"; };
		FF4FB4C829D77BBE00B5CA30 /* Roboto-Medium.ttf */ = {isa = PBXFileReference; lastKnownFileType = file; path = "Roboto-Medium.ttf"; sourceTree = "<group>"; };
		FF4FB4C929D77BBE00B5CA30 /* Roboto-Regular.ttf */ = {isa = PBXFileReference; lastKnownFileType = file; path = "Roboto-Regular.ttf"; sourceTree = "<group>"; };
		FF7F873C29D7912B00B0BD6B /* UIView+FixInView.swift */ = {isa = PBXFileReference; lastKnownFileType = sourcecode.swift; path = "UIView+FixInView.swift"; sourceTree = "<group>"; };
		FF7F873F29D79B0300B0BD6B /* StorageInfo.swift */ = {isa = PBXFileReference; lastKnownFileType = sourcecode.swift; path = StorageInfo.swift; sourceTree = "<group>"; };
		FF7F874129D79BB200B0BD6B /* MemorySize.swift */ = {isa = PBXFileReference; lastKnownFileType = sourcecode.swift; path = MemorySize.swift; sourceTree = "<group>"; };
		FF7F874329D79D5400B0BD6B /* Double+Description.swift */ = {isa = PBXFileReference; lastKnownFileType = sourcecode.swift; path = "Double+Description.swift"; sourceTree = "<group>"; };
		FFDFEDA829D616FC002354C4 /* Cleaner.app */ = {isa = PBXFileReference; explicitFileType = wrapper.application; includeInIndex = 0; path = Cleaner.app; sourceTree = BUILT_PRODUCTS_DIR; };
		FFDFEDAB29D616FC002354C4 /* AppDelegate.swift */ = {isa = PBXFileReference; lastKnownFileType = sourcecode.swift; path = AppDelegate.swift; sourceTree = "<group>"; };
		FFDFEDAD29D616FC002354C4 /* SceneDelegate.swift */ = {isa = PBXFileReference; lastKnownFileType = sourcecode.swift; path = SceneDelegate.swift; sourceTree = "<group>"; };
		FFDFEDB429D616FF002354C4 /* Assets.xcassets */ = {isa = PBXFileReference; lastKnownFileType = folder.assetcatalog; path = Assets.xcassets; sourceTree = "<group>"; };
		FFDFEDB929D616FF002354C4 /* Info.plist */ = {isa = PBXFileReference; lastKnownFileType = text.plist.xml; path = Info.plist; sourceTree = "<group>"; };
/* End PBXFileReference section */

/* Begin PBXFrameworksBuildPhase section */
		FFDFEDA529D616FC002354C4 /* Frameworks */ = {
			isa = PBXFrameworksBuildPhase;
			buildActionMask = 2147483647;
			files = (
			);
			runOnlyForDeploymentPostprocessing = 0;
		};
/* End PBXFrameworksBuildPhase section */

/* Begin PBXGroup section */
		FF4FB48F29D75B5900B5CA30 /* App */ = {
			isa = PBXGroup;
			children = (
				FFDFEDB929D616FF002354C4 /* Info.plist */,
				FFDFEDAD29D616FC002354C4 /* SceneDelegate.swift */,
				FFDFEDAB29D616FC002354C4 /* AppDelegate.swift */,
			);
			path = App;
			sourceTree = "<group>";
		};
		FF4FB49029D75B9600B5CA30 /* Resources */ = {
			isa = PBXGroup;
			children = (
				FF4FB4B429D7707100B5CA30 /* Assets.generated.swift */,
				FF4FB4B329D7707100B5CA30 /* Fonts.generated.swift */,
				FF4FB4B529D7707100B5CA30 /* Strings.generated.swift */,
				FF4FB49F29D7618800B5CA30 /* Fonts */,
				FFDFEDB429D616FF002354C4 /* Assets.xcassets */,
				FF4FB4A629D761C700B5CA30 /* Localizable.strings */,
			);
			path = Resources;
			sourceTree = "<group>";
		};
		FF4FB49129D75BE700B5CA30 /* Flow */ = {
			isa = PBXGroup;
			children = (
				FF4FB4A729D763DA00B5CA30 /* Cleaner */,
				FF4FB49429D75C7D00B5CA30 /* Main */,
			);
			path = Flow;
			sourceTree = "<group>";
		};
		FF4FB49229D75BF400B5CA30 /* Service */ = {
			isa = PBXGroup;
			children = (
			);
			path = Service;
			sourceTree = "<group>";
		};
		FF4FB49329D75C0800B5CA30 /* Model */ = {
			isa = PBXGroup;
			children = (
				FF7F873E29D79AE800B0BD6B /* Storage */,
			);
			path = Model;
			sourceTree = "<group>";
		};
		FF4FB49429D75C7D00B5CA30 /* Main */ = {
			isa = PBXGroup;
			children = (
				FF4FB49A29D75CB500B5CA30 /* ViewModel */,
				FF4FB49529D75C8F00B5CA30 /* View */,
			);
			path = Main;
			sourceTree = "<group>";
		};
		FF4FB49529D75C8F00B5CA30 /* View */ = {
			isa = PBXGroup;
			children = (
				FF4FB49629D75CAE00B5CA30 /* MainViewController.swift */,
				FF4FB49729D75CAE00B5CA30 /* MainViewController.xib */,
			);
			path = View;
			sourceTree = "<group>";
		};
		FF4FB49A29D75CB500B5CA30 /* ViewModel */ = {
			isa = PBXGroup;
			children = (
				FF4FB49B29D75CC900B5CA30 /* MainViewModel.swift */,
			);
			path = ViewModel;
			sourceTree = "<group>";
		};
		FF4FB49F29D7618800B5CA30 /* Fonts */ = {
			isa = PBXGroup;
			children = (
				FF4FB4C329D77BBE00B5CA30 /* Roboto-Black.ttf */,
				FF4FB4BF29D77BBD00B5CA30 /* Roboto-BlackItalic.ttf */,
				FF4FB4C729D77BBE00B5CA30 /* Roboto-Bold.ttf */,
				FF4FB4C029D77BBD00B5CA30 /* Roboto-BoldItalic.ttf */,
				FF4FB4BE29D77BBD00B5CA30 /* Roboto-Italic.ttf */,
				FF4FB4C629D77BBE00B5CA30 /* Roboto-Light.ttf */,
				FF4FB4C429D77BBE00B5CA30 /* Roboto-LightItalic.ttf */,
				FF4FB4C829D77BBE00B5CA30 /* Roboto-Medium.ttf */,
				FF4FB4C129D77BBD00B5CA30 /* Roboto-MediumItalic.ttf */,
				FF4FB4C929D77BBE00B5CA30 /* Roboto-Regular.ttf */,
				FF4FB4C229D77BBD00B5CA30 /* Roboto-Thin.ttf */,
				FF4FB4C529D77BBE00B5CA30 /* Roboto-ThinItalic.ttf */,
			);
			path = Fonts;
			sourceTree = "<group>";
		};
		FF4FB4A729D763DA00B5CA30 /* Cleaner */ = {
			isa = PBXGroup;
			children = (
				FF4FB4AD29D7640B00B5CA30 /* ViewModel */,
				FF4FB4A829D763E300B5CA30 /* View */,
			);
			path = Cleaner;
			sourceTree = "<group>";
		};
		FF4FB4A829D763E300B5CA30 /* View */ = {
			isa = PBXGroup;
			children = (
				FF4FB4B929D7763100B5CA30 /* Subview */,
				FF4FB4A929D763FA00B5CA30 /* CleanerViewController.swift */,
				FF4FB4AA29D763FA00B5CA30 /* CleanerViewController.xib */,
			);
			path = View;
			sourceTree = "<group>";
		};
		FF4FB4AD29D7640B00B5CA30 /* ViewModel */ = {
			isa = PBXGroup;
			children = (
				FF4FB4AE29D7641C00B5CA30 /* CleanerViewModel.swift */,
			);
			path = ViewModel;
			sourceTree = "<group>";
		};
		FF4FB4B029D7685000B5CA30 /* Auxiliary */ = {
			isa = PBXGroup;
			children = (
				FF4FB4B129D7685D00B5CA30 /* GradientView.swift */,
			);
			path = Auxiliary;
			sourceTree = "<group>";
		};
		FF4FB4B929D7763100B5CA30 /* Subview */ = {
			isa = PBXGroup;
			children = (
				FF4FB4BA29D7768400B5CA30 /* YourStorageInfoView.swift */,
				FF4FB4BC29D7772500B5CA30 /* YourStorageInfoView.xib */,
			);
			path = Subview;
			sourceTree = "<group>";
		};
		FF7F873B29D7911300B0BD6B /* Extention */ = {
			isa = PBXGroup;
			children = (
				FF7F873C29D7912B00B0BD6B /* UIView+FixInView.swift */,
				FF7F874329D79D5400B0BD6B /* Double+Description.swift */,
			);
			path = Extention;
			sourceTree = "<group>";
		};
		FF7F873E29D79AE800B0BD6B /* Storage */ = {
			isa = PBXGroup;
			children = (
				FF7F873F29D79B0300B0BD6B /* StorageInfo.swift */,
				FF7F874129D79BB200B0BD6B /* MemorySize.swift */,
			);
			path = Storage;
			sourceTree = "<group>";
		};
		FFDFED9F29D616FC002354C4 = {
			isa = PBXGroup;
			children = (
				FFDFEDAA29D616FC002354C4 /* Cleaner */,
				FFDFEDA929D616FC002354C4 /* Products */,
			);
			sourceTree = "<group>";
		};
		FFDFEDA929D616FC002354C4 /* Products */ = {
			isa = PBXGroup;
			children = (
				FFDFEDA829D616FC002354C4 /* Cleaner.app */,
			);
			name = Products;
			sourceTree = "<group>";
		};
		FFDFEDAA29D616FC002354C4 /* Cleaner */ = {
			isa = PBXGroup;
			children = (
				FF7F873B29D7911300B0BD6B /* Extention */,
				FF4FB4B029D7685000B5CA30 /* Auxiliary */,
				FF4FB49329D75C0800B5CA30 /* Model */,
				FF4FB49229D75BF400B5CA30 /* Service */,
				FF4FB49129D75BE700B5CA30 /* Flow */,
				FF4FB49029D75B9600B5CA30 /* Resources */,
				FF4FB48F29D75B5900B5CA30 /* App */,
			);
			path = Cleaner;
			sourceTree = "<group>";
		};
/* End PBXGroup section */

/* Begin PBXNativeTarget section */
		FFDFEDA729D616FC002354C4 /* Cleaner */ = {
			isa = PBXNativeTarget;
			buildConfigurationList = FFDFEDBC29D616FF002354C4 /* Build configuration list for PBXNativeTarget "Cleaner" */;
			buildPhases = (
				FF4FB49D29D7612400B5CA30 /* [SwiftGen] Generate Sources */,
				FF4FB49E29D7615000B5CA30 /* [SwiftLint] Validate Sources */,
				FFDFEDA429D616FC002354C4 /* Sources */,
				FFDFEDA529D616FC002354C4 /* Frameworks */,
				FFDFEDA629D616FC002354C4 /* Resources */,
			);
			buildRules = (
			);
			dependencies = (
			);
			name = Cleaner;
			productName = Cleaner;
			productReference = FFDFEDA829D616FC002354C4 /* Cleaner.app */;
			productType = "com.apple.product-type.application";
		};
/* End PBXNativeTarget section */

/* Begin PBXProject section */
		FFDFEDA029D616FC002354C4 /* Project object */ = {
			isa = PBXProject;
			attributes = {
				BuildIndependentTargetsInParallel = 1;
				LastSwiftUpdateCheck = 1420;
				LastUpgradeCheck = 1420;
				TargetAttributes = {
					FFDFEDA729D616FC002354C4 = {
						CreatedOnToolsVersion = 14.2;
					};
				};
			};
			buildConfigurationList = FFDFEDA329D616FC002354C4 /* Build configuration list for PBXProject "Cleaner" */;
			compatibilityVersion = "Xcode 14.0";
			developmentRegion = en;
			hasScannedForEncodings = 0;
			knownRegions = (
				en,
				Base,
			);
			mainGroup = FFDFED9F29D616FC002354C4;
			productRefGroup = FFDFEDA929D616FC002354C4 /* Products */;
			projectDirPath = "";
			projectRoot = "";
			targets = (
				FFDFEDA729D616FC002354C4 /* Cleaner */,
			);
		};
/* End PBXProject section */

/* Begin PBXResourcesBuildPhase section */
		FFDFEDA629D616FC002354C4 /* Resources */ = {
			isa = PBXResourcesBuildPhase;
			buildActionMask = 2147483647;
			files = (
				FF4FB4D429D77BBE00B5CA30 /* Roboto-Medium.ttf in Resources */,
				FFDFEDB529D616FF002354C4 /* Assets.xcassets in Resources */,
				FF4FB4CA29D77BBE00B5CA30 /* Roboto-Italic.ttf in Resources */,
				FF4FB4D329D77BBE00B5CA30 /* Roboto-Bold.ttf in Resources */,
				FF4FB4D029D77BBE00B5CA30 /* Roboto-LightItalic.ttf in Resources */,
				FF4FB4CC29D77BBE00B5CA30 /* Roboto-BoldItalic.ttf in Resources */,
				FF4FB4D229D77BBE00B5CA30 /* Roboto-Light.ttf in Resources */,
				FF4FB4A429D761C700B5CA30 /* Localizable.strings in Resources */,
				FF4FB4CB29D77BBE00B5CA30 /* Roboto-BlackItalic.ttf in Resources */,
				FF4FB4CF29D77BBE00B5CA30 /* Roboto-Black.ttf in Resources */,
				FF4FB49929D75CAE00B5CA30 /* MainViewController.xib in Resources */,
				FF4FB4AC29D763FA00B5CA30 /* CleanerViewController.xib in Resources */,
				FF4FB4CD29D77BBE00B5CA30 /* Roboto-MediumItalic.ttf in Resources */,
				FF4FB4CE29D77BBE00B5CA30 /* Roboto-Thin.ttf in Resources */,
				FF4FB4D529D77BBE00B5CA30 /* Roboto-Regular.ttf in Resources */,
				FF4FB4BD29D7772500B5CA30 /* YourStorageInfoView.xib in Resources */,
				FF4FB4D129D77BBE00B5CA30 /* Roboto-ThinItalic.ttf in Resources */,
			);
			runOnlyForDeploymentPostprocessing = 0;
		};
/* End PBXResourcesBuildPhase section */

/* Begin PBXShellScriptBuildPhase section */
		FF4FB49D29D7612400B5CA30 /* [SwiftGen] Generate Sources */ = {
			isa = PBXShellScriptBuildPhase;
			alwaysOutOfDate = 1;
			buildActionMask = 2147483647;
			files = (
			);
			inputFileListPaths = (
			);
			inputPaths = (
			);
			name = "[SwiftGen] Generate Sources";
			outputFileListPaths = (
			);
			outputPaths = (
			);
			runOnlyForDeploymentPostprocessing = 0;
			shellPath = /bin/sh;
			shellScript = "# Type a script or drag a script file from your workspace to insert its path.\nexport PATH=\"$PATH:/opt/homebrew/bin\"\nif which swiftgen >/dev/null; then\n  swiftgen\nelse\n  echo \"warning: SwiftGen not installed, download it from https://github.com/SwiftGen/SwiftGen\"\nfi\n";
		};
		FF4FB49E29D7615000B5CA30 /* [SwiftLint] Validate Sources */ = {
			isa = PBXShellScriptBuildPhase;
			alwaysOutOfDate = 1;
			buildActionMask = 2147483647;
			files = (
			);
			inputFileListPaths = (
			);
			inputPaths = (
			);
			name = "[SwiftLint] Validate Sources";
			outputFileListPaths = (
			);
			outputPaths = (
			);
			runOnlyForDeploymentPostprocessing = 0;
			shellPath = /bin/sh;
			shellScript = "# Type a script or drag a script file from your workspace to insert its path.\nexport PATH=\"$PATH:/opt/homebrew/bin\"\nif which swiftlint > /dev/null; then\n  swiftlint\nelse\n  echo \"warning: SwiftLint not installed, download from https://github.com/realm/SwiftLint\"\nfi\n";
		};
/* End PBXShellScriptBuildPhase section */

/* Begin PBXSourcesBuildPhase section */
		FFDFEDA429D616FC002354C4 /* Sources */ = {
			isa = PBXSourcesBuildPhase;
			buildActionMask = 2147483647;
			files = (
				FF4FB4AB29D763FA00B5CA30 /* CleanerViewController.swift in Sources */,
				FF4FB49829D75CAE00B5CA30 /* MainViewController.swift in Sources */,
				FF4FB4B729D7707200B5CA30 /* Assets.generated.swift in Sources */,
				FFDFEDAC29D616FC002354C4 /* AppDelegate.swift in Sources */,
				FF4FB4BB29D7768500B5CA30 /* YourStorageInfoView.swift in Sources */,
				FF7F874029D79B0300B0BD6B /* StorageInfo.swift in Sources */,
				FFDFEDAE29D616FC002354C4 /* SceneDelegate.swift in Sources */,
				FF7F874229D79BB200B0BD6B /* MemorySize.swift in Sources */,
				FF4FB4B229D7685D00B5CA30 /* GradientView.swift in Sources */,
				FF7F874429D79D5400B0BD6B /* Double+Description.swift in Sources */,
				FF4FB49C29D75CC900B5CA30 /* MainViewModel.swift in Sources */,
				FF4FB4B829D7707200B5CA30 /* Strings.generated.swift in Sources */,
				FF4FB4AF29D7641C00B5CA30 /* CleanerViewModel.swift in Sources */,
				FF7F873D29D7912B00B0BD6B /* UIView+FixInView.swift in Sources */,
				FF4FB4B629D7707100B5CA30 /* Fonts.generated.swift in Sources */,
			);
			runOnlyForDeploymentPostprocessing = 0;
		};
/* End PBXSourcesBuildPhase section */

/* Begin PBXVariantGroup section */
		FF4FB4A629D761C700B5CA30 /* Localizable.strings */ = {
			isa = PBXVariantGroup;
			children = (
				FF4FB4A529D761C700B5CA30 /* en */,
			);
			name = Localizable.strings;
			sourceTree = "<group>";
		};
/* End PBXVariantGroup section */

/* Begin XCBuildConfiguration section */
		FFDFEDBA29D616FF002354C4 /* Debug */ = {
			isa = XCBuildConfiguration;
			buildSettings = {
				ALWAYS_SEARCH_USER_PATHS = NO;
				CLANG_ANALYZER_NONNULL = YES;
				CLANG_ANALYZER_NUMBER_OBJECT_CONVERSION = YES_AGGRESSIVE;
				CLANG_CXX_LANGUAGE_STANDARD = "gnu++20";
				CLANG_ENABLE_MODULES = YES;
				CLANG_ENABLE_OBJC_ARC = YES;
				CLANG_ENABLE_OBJC_WEAK = YES;
				CLANG_WARN_BLOCK_CAPTURE_AUTORELEASING = YES;
				CLANG_WARN_BOOL_CONVERSION = YES;
				CLANG_WARN_COMMA = YES;
				CLANG_WARN_CONSTANT_CONVERSION = YES;
				CLANG_WARN_DEPRECATED_OBJC_IMPLEMENTATIONS = YES;
				CLANG_WARN_DIRECT_OBJC_ISA_USAGE = YES_ERROR;
				CLANG_WARN_DOCUMENTATION_COMMENTS = YES;
				CLANG_WARN_EMPTY_BODY = YES;
				CLANG_WARN_ENUM_CONVERSION = YES;
				CLANG_WARN_INFINITE_RECURSION = YES;
				CLANG_WARN_INT_CONVERSION = YES;
				CLANG_WARN_NON_LITERAL_NULL_CONVERSION = YES;
				CLANG_WARN_OBJC_IMPLICIT_RETAIN_SELF = YES;
				CLANG_WARN_OBJC_LITERAL_CONVERSION = YES;
				CLANG_WARN_OBJC_ROOT_CLASS = YES_ERROR;
				CLANG_WARN_QUOTED_INCLUDE_IN_FRAMEWORK_HEADER = YES;
				CLANG_WARN_RANGE_LOOP_ANALYSIS = YES;
				CLANG_WARN_STRICT_PROTOTYPES = YES;
				CLANG_WARN_SUSPICIOUS_MOVE = YES;
				CLANG_WARN_UNGUARDED_AVAILABILITY = YES_AGGRESSIVE;
				CLANG_WARN_UNREACHABLE_CODE = YES;
				CLANG_WARN__DUPLICATE_METHOD_MATCH = YES;
				COPY_PHASE_STRIP = NO;
				DEBUG_INFORMATION_FORMAT = dwarf;
				ENABLE_STRICT_OBJC_MSGSEND = YES;
				ENABLE_TESTABILITY = YES;
				GCC_C_LANGUAGE_STANDARD = gnu11;
				GCC_DYNAMIC_NO_PIC = NO;
				GCC_NO_COMMON_BLOCKS = YES;
				GCC_OPTIMIZATION_LEVEL = 0;
				GCC_PREPROCESSOR_DEFINITIONS = (
					"DEBUG=1",
					"$(inherited)",
				);
				GCC_WARN_64_TO_32_BIT_CONVERSION = YES;
				GCC_WARN_ABOUT_RETURN_TYPE = YES_ERROR;
				GCC_WARN_UNDECLARED_SELECTOR = YES;
				GCC_WARN_UNINITIALIZED_AUTOS = YES_AGGRESSIVE;
				GCC_WARN_UNUSED_FUNCTION = YES;
				GCC_WARN_UNUSED_VARIABLE = YES;
				IPHONEOS_DEPLOYMENT_TARGET = 16.2;
				MTL_ENABLE_DEBUG_INFO = INCLUDE_SOURCE;
				MTL_FAST_MATH = YES;
				ONLY_ACTIVE_ARCH = YES;
				SDKROOT = iphoneos;
				SWIFT_ACTIVE_COMPILATION_CONDITIONS = DEBUG;
				SWIFT_OPTIMIZATION_LEVEL = "-Onone";
			};
			name = Debug;
		};
		FFDFEDBB29D616FF002354C4 /* Release */ = {
			isa = XCBuildConfiguration;
			buildSettings = {
				ALWAYS_SEARCH_USER_PATHS = NO;
				CLANG_ANALYZER_NONNULL = YES;
				CLANG_ANALYZER_NUMBER_OBJECT_CONVERSION = YES_AGGRESSIVE;
				CLANG_CXX_LANGUAGE_STANDARD = "gnu++20";
				CLANG_ENABLE_MODULES = YES;
				CLANG_ENABLE_OBJC_ARC = YES;
				CLANG_ENABLE_OBJC_WEAK = YES;
				CLANG_WARN_BLOCK_CAPTURE_AUTORELEASING = YES;
				CLANG_WARN_BOOL_CONVERSION = YES;
				CLANG_WARN_COMMA = YES;
				CLANG_WARN_CONSTANT_CONVERSION = YES;
				CLANG_WARN_DEPRECATED_OBJC_IMPLEMENTATIONS = YES;
				CLANG_WARN_DIRECT_OBJC_ISA_USAGE = YES_ERROR;
				CLANG_WARN_DOCUMENTATION_COMMENTS = YES;
				CLANG_WARN_EMPTY_BODY = YES;
				CLANG_WARN_ENUM_CONVERSION = YES;
				CLANG_WARN_INFINITE_RECURSION = YES;
				CLANG_WARN_INT_CONVERSION = YES;
				CLANG_WARN_NON_LITERAL_NULL_CONVERSION = YES;
				CLANG_WARN_OBJC_IMPLICIT_RETAIN_SELF = YES;
				CLANG_WARN_OBJC_LITERAL_CONVERSION = YES;
				CLANG_WARN_OBJC_ROOT_CLASS = YES_ERROR;
				CLANG_WARN_QUOTED_INCLUDE_IN_FRAMEWORK_HEADER = YES;
				CLANG_WARN_RANGE_LOOP_ANALYSIS = YES;
				CLANG_WARN_STRICT_PROTOTYPES = YES;
				CLANG_WARN_SUSPICIOUS_MOVE = YES;
				CLANG_WARN_UNGUARDED_AVAILABILITY = YES_AGGRESSIVE;
				CLANG_WARN_UNREACHABLE_CODE = YES;
				CLANG_WARN__DUPLICATE_METHOD_MATCH = YES;
				COPY_PHASE_STRIP = NO;
				DEBUG_INFORMATION_FORMAT = "dwarf-with-dsym";
				ENABLE_NS_ASSERTIONS = NO;
				ENABLE_STRICT_OBJC_MSGSEND = YES;
				GCC_C_LANGUAGE_STANDARD = gnu11;
				GCC_NO_COMMON_BLOCKS = YES;
				GCC_WARN_64_TO_32_BIT_CONVERSION = YES;
				GCC_WARN_ABOUT_RETURN_TYPE = YES_ERROR;
				GCC_WARN_UNDECLARED_SELECTOR = YES;
				GCC_WARN_UNINITIALIZED_AUTOS = YES_AGGRESSIVE;
				GCC_WARN_UNUSED_FUNCTION = YES;
				GCC_WARN_UNUSED_VARIABLE = YES;
				IPHONEOS_DEPLOYMENT_TARGET = 16.2;
				MTL_ENABLE_DEBUG_INFO = NO;
				MTL_FAST_MATH = YES;
				SDKROOT = iphoneos;
				SWIFT_COMPILATION_MODE = wholemodule;
				SWIFT_OPTIMIZATION_LEVEL = "-O";
				VALIDATE_PRODUCT = YES;
			};
			name = Release;
		};
		FFDFEDBD29D616FF002354C4 /* Debug */ = {
			isa = XCBuildConfiguration;
			buildSettings = {
				ASSETCATALOG_COMPILER_APPICON_NAME = AppIcon;
				ASSETCATALOG_COMPILER_GLOBAL_ACCENT_COLOR_NAME = AccentColor;
				CODE_SIGN_STYLE = Automatic;
				CURRENT_PROJECT_VERSION = 1;
				DEVELOPMENT_TEAM = AF68Y4A9MG;
				GENERATE_INFOPLIST_FILE = YES;
				INFOPLIST_FILE = Cleaner/App/Info.plist;
				INFOPLIST_KEY_UIApplicationSupportsIndirectInputEvents = YES;
				INFOPLIST_KEY_UILaunchStoryboardName = LaunchScreen;
				INFOPLIST_KEY_UISupportedInterfaceOrientations_iPad = "UIInterfaceOrientationPortrait UIInterfaceOrientationPortraitUpsideDown UIInterfaceOrientationLandscapeLeft UIInterfaceOrientationLandscapeRight";
				INFOPLIST_KEY_UISupportedInterfaceOrientations_iPhone = "UIInterfaceOrientationPortrait UIInterfaceOrientationLandscapeLeft UIInterfaceOrientationLandscapeRight";
				LD_RUNPATH_SEARCH_PATHS = (
					"$(inherited)",
					"@executable_path/Frameworks",
				);
				MARKETING_VERSION = 1.0;
				PRODUCT_BUNDLE_IDENTIFIER = "-.Cleaner";
				PRODUCT_NAME = "$(TARGET_NAME)";
				SWIFT_EMIT_LOC_STRINGS = YES;
				SWIFT_VERSION = 5.0;
				TARGETED_DEVICE_FAMILY = "1,2";
			};
			name = Debug;
		};
		FFDFEDBE29D616FF002354C4 /* Release */ = {
			isa = XCBuildConfiguration;
			buildSettings = {
				ASSETCATALOG_COMPILER_APPICON_NAME = AppIcon;
				ASSETCATALOG_COMPILER_GLOBAL_ACCENT_COLOR_NAME = AccentColor;
				CODE_SIGN_STYLE = Automatic;
				CURRENT_PROJECT_VERSION = 1;
				DEVELOPMENT_TEAM = AF68Y4A9MG;
				GENERATE_INFOPLIST_FILE = YES;
				INFOPLIST_FILE = Cleaner/App/Info.plist;
				INFOPLIST_KEY_UIApplicationSupportsIndirectInputEvents = YES;
				INFOPLIST_KEY_UILaunchStoryboardName = LaunchScreen;
				INFOPLIST_KEY_UISupportedInterfaceOrientations_iPad = "UIInterfaceOrientationPortrait UIInterfaceOrientationPortraitUpsideDown UIInterfaceOrientationLandscapeLeft UIInterfaceOrientationLandscapeRight";
				INFOPLIST_KEY_UISupportedInterfaceOrientations_iPhone = "UIInterfaceOrientationPortrait UIInterfaceOrientationLandscapeLeft UIInterfaceOrientationLandscapeRight";
				LD_RUNPATH_SEARCH_PATHS = (
					"$(inherited)",
					"@executable_path/Frameworks",
				);
				MARKETING_VERSION = 1.0;
				PRODUCT_BUNDLE_IDENTIFIER = "-.Cleaner";
				PRODUCT_NAME = "$(TARGET_NAME)";
				SWIFT_EMIT_LOC_STRINGS = YES;
				SWIFT_VERSION = 5.0;
				TARGETED_DEVICE_FAMILY = "1,2";
			};
			name = Release;
		};
/* End XCBuildConfiguration section */

/* Begin XCConfigurationList section */
		FFDFEDA329D616FC002354C4 /* Build configuration list for PBXProject "Cleaner" */ = {
			isa = XCConfigurationList;
			buildConfigurations = (
				FFDFEDBA29D616FF002354C4 /* Debug */,
				FFDFEDBB29D616FF002354C4 /* Release */,
			);
			defaultConfigurationIsVisible = 0;
			defaultConfigurationName = Release;
		};
		FFDFEDBC29D616FF002354C4 /* Build configuration list for PBXNativeTarget "Cleaner" */ = {
			isa = XCConfigurationList;
			buildConfigurations = (
				FFDFEDBD29D616FF002354C4 /* Debug */,
				FFDFEDBE29D616FF002354C4 /* Release */,
			);
			defaultConfigurationIsVisible = 0;
			defaultConfigurationName = Release;
		};
/* End XCConfigurationList section */
	};
	rootObject = FFDFEDA029D616FC002354C4 /* Project object */;
}
